Function CheckWordsEquality(Const WordFromData, InputedWord: String): Boolean;
Var
    I, Pos: Integer;
Begin
    Pos := Length(InputedWord) + 1;
    For I := 1 To Length(WordFromData) Do
    Begin
        If Not(WordFromData[I] = InputedWord[Pos - I]) Then
        Begin
            CheckWordsEquality := False;
            Exit();
        End;
    End;
    CheckWordsEquality := True;
End;


Function ReadWordsFromFile(const FileName: string): TStringList;
Var
    Reader: TStreamReader;
    S: string;
    Words: TStringList;
Begin
    Words := TStringList.Create;
    Reader := TStreamReader.Create(FileName, TEncoding.UTF8);
    Try
        While not Reader.EndOfStream do
        Begin
            S := Reader.ReadLine;
            Words.Add(S);
        End;
    Finally
        Reader.Free;
    End;
    Result := Words;
End;


Function GetRandomWord(Words: TStringList): string;
Var
    Index: Integer;
Begin
    Index := Random(Words.Count);
    Result := Words[Index];
End;
