procedure DisplayRulesSecondStageAndContinue;
var
    input: string;
begin
    Writeln('Этап 2: На экране на некоторое время отображается последовательность из 5 различных слов, а');
    Writeln('затем пропадает. Пользователь вводит с клавиатуры эти же слова в произвольном порядке.');
    Writeln('Программа анализирует введенную строку и выдает сообщение о верном (все слова угаданы а');
    Writeln('порядок их следования друг за другом значения не имеет) или неверном (пользователь вспомнил');
    Writeln('не все слова) вводе.');
    Writeln('Например:');
    Writeln('Исходная последовательность КРОСС МАКСИМУМ СТОЛБ ГОЛОВА ТАБЛИЦА');
    Writeln('Последовательность пользователя ГОЛОВА ТАБЛИЦА МАКСИМУМ СТОЛБ КРОСС');
    Writeln('ОТВЕТ ВЕРНЫЙ!');
    Writeln('Затем появляется новая последовательность из других 5 слов. После правильно введенных трех');
    Writeln('подряд последовательнотей из 5 слов начинают выводиться последовательности из 6 слов и так');
    Writeln('до тех пор, пока пользователь не введет подряд три правильных последовательности из 8 слов.');
    Writeln('На том этап 2 завершен.');
    repeat
        Writeln('Хотите продолжить? (Y/N)');
        ReadLn(input);
    until (input = 'Y') or (input = 'y') or (input = 'N') or (input = 'n');
    if (input = 'N') or (input = 'n') then
        Halt;
end;

procedure DisplayRulesThirdStageAndContinue;
var
    input: string;
begin
    Writeln('Этап 3: Аналогичен этапу 2. Введенная пользователем последовательность считается верной,');
    Writeln('если совпали не только слова, но и порядок их следования друг за другом.');
    Writeln('Например:');
    Writeln('Исходная последовательность КРОСС МАКСИМУМ СТОЛБ ГОЛОВА ТАБЛИЦА');
    Writeln('Последовательность пользователя КРОСС МАКСИМУМ СТОЛБ ГОЛОВА ТАБЛИЦА');
    Writeln('ОТВЕТ ВЕРНЫЙ!');
    repeat
        Writeln('Хотите продолжить? (Y/N)');
        ReadLn(input);
    until (input = 'Y') or (input = 'y') or (input = 'N') or (input = 'n');
    if (input = 'N') or (input = 'n') then
        Halt;
end;

procedure DisplayRulesFourthStageAndContinue;
var
    input: string;
begin
    Writeln('Этап 4: Аналогичен этапу 2. Только пользователь должен вводить каждое слово «перевернутым»');
    Writeln('Например:');
    Writeln('Исходная последовательность КРОСС МАКСИМУМ СТОЛБ ГОЛОВА ТАБЛИЦА');
    Writeln('Последовательность пользователя БЛОТС ССОРК АЦИЛБАТ АВОЛОГ МУМИСКАМ');
    Writeln('ОТВЕТ ВЕРНЫЙ!');
    repeat
        Writeln('Хотите продолжить? (Y/N)');
        ReadLn(input);
    until (input = 'Y') or (input = 'y') or (input = 'N') or (input = 'n');
    if (input = 'N') or (input = 'n') then
        Halt;
end;

procedure DisplayRulesFifthStageAndContinue;
var
    input: string;
begin
    Writeln('Этап 5: Аналогичен этапу 4. Но введенная пользователем последовательность считается верной,');
    Writeln('если совпали не только «перевернутые» слова, но и порядок их следования изменен на обратный.');
    Writeln('Т.е. необходимо всю строку ввести в обратном порядке');
    Writeln('Например:');
    Writeln('Исходная последовательность');
    Writeln('КРОСС МАКСИМУМ СТОЛБ ГОЛОВА ТАБЛИЦА');
    Writeln('Последовательность пользователя ССОРК МУМИСКАМ БЛОТС АВОЛОГ АЦИЛБАТ');
    Writeln('ОТВЕТ ВЕРНЫЙ!');
    repeat
        Writeln('Хотите продолжить? (Y/N)');
        ReadLn(input);
    until (input = 'Y') or (input = 'y') or (input = 'N') or (input = 'n');
    if (input = 'N') or (input = 'n') then
        Halt;
end;
