function ReverseArr(Arr: TWordsArr): TWordsArr;
var
    I: Integer;
begin
    SetLength(Result, Length(Arr));
    for I := Low(Arr) to High(Arr) do
    begin
        Result[High(Arr) - I] := Arr[I];
    end;
end;

Function FindWordPos(Const Arr: TWordsArr; InputedWord: String): Integer;
Var
    I: Integer;
Begin
    for I := Low(Arr) to High(Arr) do
    Begin
        if CompareText(Arr[I], InputedWord) = 0 then
        Begin
            FindWordPos := I;
            Exit();
        End;
    End;
    FindWordPos := -1;
End;
